<Project xmlns="http://schemas.microsoft.com/developer/msbuild/2003">
    <PropertyGroup>
        <ProjectGuid>{2C7C2F0F-4B62-47AB-960F-884AF712161A}</ProjectGuid>
        <ProjectVersion>15.4</ProjectVersion>
        <FrameworkType>VCL</FrameworkType>
        <MainSource>pubsubChatServer.dpr</MainSource>
        <Base>True</Base>
        <Config Condition="'$(Config)'==''">Debug</Config>
        <Platform Condition="'$(Platform)'==''">Win32</Platform>
        <TargetedPlatforms>1</TargetedPlatforms>
        <AppType>Application</AppType>
    </PropertyGroup>
    <PropertyGroup Condition="'$(Config)'=='Base' or '$(Base)'!=''">
        <Base>true</Base>
    </PropertyGroup>
    <PropertyGroup Condition="('$(Platform)'=='Win32' and '$(Base)'=='true') or '$(Base_Win32)'!=''">
        <Base_Win32>true</Base_Win32>
        <CfgParent>Base</CfgParent>
        <Base>true</Base>
    </PropertyGroup>
    <PropertyGroup Condition="('$(Platform)'=='Win64' and '$(Base)'=='true') or '$(Base_Win64)'!=''">
        <Base_Win64>true</Base_Win64>
        <CfgParent>Base</CfgParent>
        <Base>true</Base>
    </PropertyGroup>
    <PropertyGroup Condition="'$(Config)'=='Debug' or '$(Cfg_1)'!=''">
        <Cfg_1>true</Cfg_1>
        <CfgParent>Base</CfgParent>
        <Base>true</Base>
    </PropertyGroup>
    <PropertyGroup Condition="('$(Platform)'=='Win32' and '$(Cfg_1)'=='true') or '$(Cfg_1_Win32)'!=''">
        <Cfg_1_Win32>true</Cfg_1_Win32>
        <CfgParent>Cfg_1</CfgParent>
        <Cfg_1>true</Cfg_1>
        <Base>true</Base>
    </PropertyGroup>
    <PropertyGroup Condition="'$(Config)'=='Release' or '$(Cfg_2)'!=''">
        <Cfg_2>true</Cfg_2>
        <CfgParent>Base</CfgParent>
        <Base>true</Base>
    </PropertyGroup>
    <PropertyGroup Condition="'$(Base)'!=''">
        <VerInfo_Keys>CompanyName=;FileDescription=;FileVersion=1.0.0.0;InternalName=;LegalCopyright=;LegalTrademarks=;OriginalFilename=;ProductName=;ProductVersion=1.0.0.0;Comments=</VerInfo_Keys>
        <DCC_UnitSearchPath>..\;json;$(DCC_UnitSearchPath)</DCC_UnitSearchPath>
        <VerInfo_Locale>1033</VerInfo_Locale>
        <Manifest_File>$(BDS)\bin\default_app.manifest</Manifest_File>
        <SanitizedProjectName>pubsubChatServer</SanitizedProjectName>
        <DCC_Namespace>System;Xml;Data;Datasnap;Web;Soap;Vcl;Vcl.Imaging;Vcl.Touch;Vcl.Samples;Vcl.Shell;$(DCC_Namespace)</DCC_Namespace>
        <Icns_MainIcns>$(BDS)\bin\delphi_PROJECTICNS.icns</Icns_MainIcns>
        <DCC_DcuOutput>.\$(Platform)\$(Config)</DCC_DcuOutput>
        <DCC_ExeOutput>.\</DCC_ExeOutput>
        <DCC_E>false</DCC_E>
        <DCC_N>false</DCC_N>
        <DCC_S>false</DCC_S>
        <DCC_F>false</DCC_F>
        <DCC_K>false</DCC_K>
    </PropertyGroup>
    <PropertyGroup Condition="'$(Base_Win32)'!=''">
        <VerInfo_Keys>CompanyName=;FileDescription=;FileVersion=1.0.0.0;InternalName=;LegalCopyright=;LegalTrademarks=;OriginalFilename=;ProductName=;ProductVersion=1.0.0.0;Comments=</VerInfo_Keys>
        <VerInfo_IncludeVerInfo>true</VerInfo_IncludeVerInfo>
        <VerInfo_Locale>1033</VerInfo_Locale>
        <Manifest_File>$(BDS)\bin\default_app.manifest</Manifest_File>
        <DCC_Namespace>Winapi;System.Win;Data.Win;Datasnap.Win;Web.Win;Soap.Win;Xml.Win;Bde;$(DCC_Namespace)</DCC_Namespace>
        <DCC_UsePackage>Olaf;JvGlobus;FECCardReaderD2007;JvMM;JvManagedThreads;rbRTL1520;FireDACSqliteDriver;cc.buttons;FireDACDSDriver;ideal.fmx;DBXSqliteDriver;FireDACPgDriver;fmx;fgx;JvDlgs;IndySystem;JvCrypt;TeeDB;tethering;rbDAD1520;dclRBADO1520;rbTDBC1520;inetdbbde;vclib;DBXInterBaseDriver;DataSnapClient;DataSnapServer;DataSnapCommon;JvNet;DataSnapProviderClient;DBXSybaseASEDriver;DbxCommonDriver;vclimg;dclRBIBE1520;dbxcds;DatasnapConnectorsFreePascal;MetropolisUILiveTile;JvXPCtrls;SynEdit_RXE6;ISSUtilitiesXE6;rbIDE1520;vcldb;rbRIDE1520;vcldsnap;rbDB1520;fmxFireDAC;rbRCL1520;DBXDb2Driver;DBXOracleDriver;CustomIPTransport;JvCore;rbFireDAC1520;vclribbon;rbDIDE1520;dsnap;IndyIPServer;fmxase;vcl;IndyCore;DCEF_XE5;MissingStyles;DBXMSSQLDriver;IndyIPCommon;CloudService;FmxTeeUI;FireDACIBDriver;CodeSiteExpressPkg;tmsxlsdXE6;VirtualDBTreeEx_XE6;DataSnapFireDAC;FireDACDBXDriver;JvAppFrm;soapserver;JvRuntimeDesign;JvDB;inetdbxpress;WACEF;dsnapxml;tmsdXE6;FireDACInfxDriver;FireDACDb2Driver;JclDeveloperTools;JvDocking;adortl;dclRBFireDAC1520;rbADO1520;JvWizards;FireDACASADriver;FIBPlus_XE4;JvHMI;rbBDE1520;ISSSQLUtilsFireDACXE6;bindcompfmx;JvBands;vcldbx;rbDBE1520;FireDACODBCDriver;RESTBackendComponents;rbRAP1520;rtl;dbrtl;DbxClientDriver;FireDACCommon;bindcomp;inetdb;JvPluginSystem;Tee;JclContainers;rbIBE1520;DBXOdbcDriver;acQueryBuilderFireDACD19;vclFireDAC;JvCmp;dclRBBDE1520;JvSystem;xmlrtl;DataSnapNativeClient;svnui;ibxpress;JvControls;JvTimeFramework;rbDBDE1520;IndyProtocols;DBXMySQLDriver;FireDACCommonDriver;rb;tmswizdXE6;bindcompdbx;bindengine;vclactnband;soaprtl;FMXTee;TeeUI;bindcompvcl;JvStdCtrls;JvCustom;Jcl;vclie;JvJans;JvPrintPreview;JvPageComps;FECPersonPanel;FireDACADSDriver;vcltouch;rbTCUI1520;dclRBE1520;dclRBDBE1520;IdealFECButtonPkg;VclSmp;FireDACMSSQLDriver;FireDAC;DBXInformixDriver;Intraweb;VCLRESTComponents;DataSnapConnectors;DataSnapServerMidas;dsnapcon;DBXFirebirdDriver;ISSFormsXE6;inet;rbCIDE1520;fmxobj;JclVcl;FireDACMySQLDriver;soapmidas;vclx;tmsexdXE6;rbTC1520;svn;DBXSybaseASADriver;FireDACOracleDriver;fmxdae;RESTComponents;acQueryBuilderDsgnFireDACD19;dbisamr;bdertl;VirtualTreesR;edbrun;FireDACMSAccDriver;dbexpress;DataSnapIndy10ServerTransport;IndyIPClient;$(DCC_UsePackage)</DCC_UsePackage>
    </PropertyGroup>
    <PropertyGroup Condition="'$(Base_Win64)'!=''">
        <DCC_UsePackage>JvGlobus;JvMM;JvManagedThreads;FireDACSqliteDriver;cc.buttons;FireDACDSDriver;DBXSqliteDriver;FireDACPgDriver;fmx;JvDlgs;IndySystem;JvCrypt;TeeDB;tethering;vclib;DBXInterBaseDriver;DataSnapClient;DataSnapServer;DataSnapCommon;JvNet;DataSnapProviderClient;DBXSybaseASEDriver;DbxCommonDriver;vclimg;dbxcds;DatasnapConnectorsFreePascal;MetropolisUILiveTile;JvXPCtrls;SynEdit_RXE6;vcldb;vcldsnap;fmxFireDAC;DBXDb2Driver;DBXOracleDriver;CustomIPTransport;JvCore;vclribbon;dsnap;IndyIPServer;fmxase;vcl;IndyCore;DBXMSSQLDriver;IndyIPCommon;CloudService;FmxTeeUI;FireDACIBDriver;DataSnapFireDAC;FireDACDBXDriver;JvAppFrm;soapserver;JvRuntimeDesign;JvDB;inetdbxpress;dsnapxml;tmsdXE6;FireDACInfxDriver;FireDACDb2Driver;JclDeveloperTools;JvDocking;adortl;JvWizards;FireDACASADriver;FIBPlus_XE4;JvHMI;bindcompfmx;JvBands;FireDACODBCDriver;RESTBackendComponents;rtl;dbrtl;DbxClientDriver;FireDACCommon;bindcomp;inetdb;JvPluginSystem;Tee;JclContainers;DBXOdbcDriver;acQueryBuilderFireDACD19;vclFireDAC;JvCmp;JvSystem;xmlrtl;DataSnapNativeClient;ibxpress;JvControls;JvTimeFramework;IndyProtocols;DBXMySQLDriver;FireDACCommonDriver;bindcompdbx;bindengine;vclactnband;soaprtl;FMXTee;TeeUI;bindcompvcl;JvStdCtrls;JvCustom;Jcl;vclie;JvJans;JvPrintPreview;JvPageComps;FireDACADSDriver;vcltouch;VclSmp;FireDACMSSQLDriver;FireDAC;DBXInformixDriver;Intraweb;VCLRESTComponents;DataSnapConnectors;DataSnapServerMidas;dsnapcon;DBXFirebirdDriver;inet;fmxobj;JclVcl;FireDACMySQLDriver;soapmidas;vclx;tmsexdXE6;DBXSybaseASADriver;FireDACOracleDriver;fmxdae;RESTComponents;acQueryBuilderDsgnFireDACD19;VirtualTreesR;FireDACMSAccDriver;dbexpress;DataSnapIndy10ServerTransport;IndyIPClient;$(DCC_UsePackage)</DCC_UsePackage>
    </PropertyGroup>
    <PropertyGroup Condition="'$(Cfg_1)'!=''">
        <DCC_Define>DEBUG;$(DCC_Define)</DCC_Define>
        <DCC_DebugDCUs>true</DCC_DebugDCUs>
        <DCC_Optimize>false</DCC_Optimize>
        <DCC_GenerateStackFrames>true</DCC_GenerateStackFrames>
        <DCC_DebugInfoInExe>true</DCC_DebugInfoInExe>
        <DCC_RemoteDebug>true</DCC_RemoteDebug>
    </PropertyGroup>
    <PropertyGroup Condition="'$(Cfg_1_Win32)'!=''">
        <VerInfo_Locale>1033</VerInfo_Locale>
        <VerInfo_IncludeVerInfo>true</VerInfo_IncludeVerInfo>
        <DCC_RemoteDebug>false</DCC_RemoteDebug>
    </PropertyGroup>
    <PropertyGroup Condition="'$(Cfg_2)'!=''">
        <DCC_LocalDebugSymbols>false</DCC_LocalDebugSymbols>
        <DCC_Define>RELEASE;$(DCC_Define)</DCC_Define>
        <DCC_SymbolReferenceInfo>0</DCC_SymbolReferenceInfo>
        <DCC_DebugInformation>0</DCC_DebugInformation>
    </PropertyGroup>
    <ItemGroup>
        <DelphiCompile Include="$(MainSource)">
            <MainSource>MainSource</MainSource>
        </DelphiCompile>
        <DCCReference Include="chimera.pubsub.test.form.pas">
            <Form>Form1</Form>
            <FormType>dfm</FormType>
        </DCCReference>
        <DCCReference Include="chimera.pubsub.test.module.pas">
            <Form>WebModule1</Form>
            <FormType>dfm</FormType>
            <DesignClass>TWebModule</DesignClass>
        </DCCReference>
        <BuildConfiguration Include="Release">
            <Key>Cfg_2</Key>
            <CfgParent>Base</CfgParent>
        </BuildConfiguration>
        <BuildConfiguration Include="Base">
            <Key>Base</Key>
        </BuildConfiguration>
        <BuildConfiguration Include="Debug">
            <Key>Cfg_1</Key>
            <CfgParent>Base</CfgParent>
        </BuildConfiguration>
    </ItemGroup>
    <ProjectExtensions>
        <Borland.Personality>Delphi.Personality.12</Borland.Personality>
        <Borland.ProjectType/>
        <BorlandProject>
            <Delphi.Personality>
                <Source>
                    <Source Name="MainSource">pubsubChatServer.dpr</Source>
                </Source>
                <Excluded_Packages>
                    <Excluded_Packages Name="C:\Users\Public\Documents\Embarcadero\Studio\14.0\Bpl\JclVcl200.bpl">JEDI Code Library VCL package</Excluded_Packages>
                    <Excluded_Packages Name="C:\Users\Public\Documents\Embarcadero\Studio\14.0\Bpl\Jcl200.bpl">JEDI Code Library RTL package</Excluded_Packages>
                    <Excluded_Packages Name="C:\Users\Public\Documents\Embarcadero\Studio\14.0\Bpl\JvCore200.bpl">JVCL Core Components Runtime Package</Excluded_Packages>
                    <Excluded_Packages Name="C:\Users\Public\Documents\Embarcadero\Studio\14.0\Bpl\JvSystem200.bpl">JVCL System Components Runtime Package</Excluded_Packages>
                    <Excluded_Packages Name="C:\Users\Public\Documents\Embarcadero\Studio\14.0\Bpl\JvStdCtrls200.bpl">JVCL Standard Controls Runtime Package</Excluded_Packages>
                    <Excluded_Packages Name="C:\Users\Public\Documents\Embarcadero\Studio\14.0\Bpl\JvControls200.bpl">JVCL Visual Controls Runtime Package</Excluded_Packages>
                    <Excluded_Packages Name="C:\Users\Public\Documents\Embarcadero\Studio\14.0\Bpl\JvCmp200.bpl">JVCL Non-Visual Components Runtime Package</Excluded_Packages>
                    <Excluded_Packages Name="C:\Users\Public\Documents\Embarcadero\Studio\14.0\Bpl\JvCustom200.bpl">JVCL Custom Controls Runtime Package</Excluded_Packages>
                    <Excluded_Packages Name="C:\Users\Public\Documents\Embarcadero\Studio\14.0\Bpl\JvDlgs200.bpl">JVCL Dialog Components Runtime Package</Excluded_Packages>
                    <Excluded_Packages Name="C:\Users\Public\Documents\Embarcadero\Studio\14.0\Bpl\JvCrypt200.bpl">JVCL Encryption and Compression Runtime Package</Excluded_Packages>
                    <Excluded_Packages Name="C:\Users\Public\Documents\Embarcadero\Studio\14.0\Bpl\JvMM200.bpl">JVCL Multimedia and Image Components Runtime Package</Excluded_Packages>
                    <Excluded_Packages Name="C:\Users\Public\Documents\Embarcadero\Studio\14.0\Bpl\JvNet200.bpl">JVCL Network Components Runtime Package</Excluded_Packages>
                    <Excluded_Packages Name="C:\Users\Public\Documents\Embarcadero\Studio\14.0\Bpl\JvAppFrm200.bpl">JVCL Application and Form Components Runtime Package</Excluded_Packages>
                    <Excluded_Packages Name="C:\Users\Public\Documents\Embarcadero\Studio\14.0\Bpl\JvBands200.bpl">JVCL Band Objects Runtime Package</Excluded_Packages>
                    <Excluded_Packages Name="C:\Users\Public\Documents\Embarcadero\Studio\14.0\Bpl\JvJans200.bpl">JVCL Jans Components Runtime Package</Excluded_Packages>
                    <Excluded_Packages Name="C:\Users\Public\Documents\Embarcadero\Studio\14.0\Bpl\JvGlobus200.bpl">JVCL Globus Components Runtime Package</Excluded_Packages>
                    <Excluded_Packages Name="C:\Users\Public\Documents\Embarcadero\Studio\14.0\Bpl\JvPrintPreview200.bpl">JVCL Print Preview Components Runtime Package</Excluded_Packages>
                    <Excluded_Packages Name="C:\Users\Public\Documents\Embarcadero\Studio\14.0\Bpl\JvPageComps200.bpl">JVCL Page Style Components Runtime Package</Excluded_Packages>
                    <Excluded_Packages Name="C:\Users\Public\Documents\Embarcadero\Studio\14.0\Bpl\JvTimeFramework200.bpl">JVCL Time Framework Runtime Package</Excluded_Packages>
                    <Excluded_Packages Name="C:\Users\Public\Documents\Embarcadero\Studio\14.0\Bpl\JvHMI200.bpl">JVCL HMI Controls Runtime Package</Excluded_Packages>
                    <Excluded_Packages Name="C:\Users\Public\Documents\Embarcadero\Studio\14.0\Bpl\JvManagedThreads200.bpl">JVCL Managed Threads Runtime Package</Excluded_Packages>
                    <Excluded_Packages Name="C:\Users\Public\Documents\Embarcadero\Studio\14.0\Bpl\JvXPCtrls200.bpl">JVCL XP Controls Runtime Package</Excluded_Packages>
                    <Excluded_Packages Name="C:\Users\Public\Documents\Embarcadero\Studio\14.0\Bpl\JvDocking200.bpl">JVCL Docking Components Runtime Package</Excluded_Packages>
                    <Excluded_Packages Name="C:\Users\Public\Documents\Embarcadero\Studio\14.0\Bpl\JvRuntimeDesign200.bpl">JVCL Runtime Design Components Runtime Package</Excluded_Packages>
                    <Excluded_Packages Name="C:\Users\Public\Documents\Embarcadero\Studio\14.0\Bpl\JclDeveloperTools200.bpl">JEDI Code Library Developer Tools package</Excluded_Packages>
                    <Excluded_Packages Name="C:\Users\Public\Documents\Embarcadero\Studio\14.0\Bpl\JclContainers200.bpl">JEDI Code Library Containers package</Excluded_Packages>
                    <Excluded_Packages Name="C:\WINDOWS\SYSTEM32\rbDIDE1520.bpl">ReportBuilder DADE - IDE</Excluded_Packages>
                    <Excluded_Packages Name="$(BDSBIN)\bcboffice2k200.bpl">Embarcadero C++Builder Office 2000 Servers Package</Excluded_Packages>
                    <Excluded_Packages Name="$(BDSBIN)\bcbofficexp200.bpl">Embarcadero C++Builder Office XP Servers Package</Excluded_Packages>
                    <Excluded_Packages Name="$(BDSBIN)\dcloffice2k200.bpl">Microsoft Office 2000 Sample Automation Server Wrapper Components</Excluded_Packages>
                    <Excluded_Packages Name="$(BDSBIN)\dclofficexp200.bpl">Microsoft Office XP Sample Automation Server Wrapper Components</Excluded_Packages>
                    <Excluded_Packages Name="$(BDS)\RBuilder\Lib\Win32\dclRBU1520.bpl">ReportBuilder Sample Components</Excluded_Packages>
                </Excluded_Packages>
            </Delphi.Personality>
            <Deployment/>
            <Platforms>
                <Platform value="Win32">True</Platform>
                <Platform value="Win64">False</Platform>
            </Platforms>
        </BorlandProject>
        <ProjectFileVersion>12</ProjectFileVersion>
    </ProjectExtensions>
    <Import Project="$(BDS)\Bin\CodeGear.Delphi.Targets" Condition="Exists('$(BDS)\Bin\CodeGear.Delphi.Targets')"/>
    <Import Project="$(APPDATA)\Embarcadero\$(BDSAPPDATABASEDIR)\$(PRODUCTVERSION)\UserTools.proj" Condition="Exists('$(APPDATA)\Embarcadero\$(BDSAPPDATABASEDIR)\$(PRODUCTVERSION)\UserTools.proj')"/>
</Project>
